
Microsoft Visual Studio Solution File, Format Version 10.00
# Visual Studio 2008
Project("{2150E333-8FDC-42A3-9474-1A3956D46DE8}") = "Projects", "Projects", "{86F94F9A-E1B1-4DDF-9C26-A9C2E8BDFC59}"
EndProject
Project("{2150E333-8FDC-42A3-9474-1A3956D46DE8}") = "AutomatedTest", "AutomatedTest", "{07F448A8-D8EC-4263-85E9-2DB1B89AAB1C}"
EndProject
Project("{FAE04EC0-301F-11D3-BF4B-00C04F79EFBC}") = "RRComSSys.TransformationEngine", "RRComSSys.TransformationEngine\RRComSSys.TransformationEngine.csproj", "{7E60066B-C794-4213-BCEA-B89ED858B295}"
EndProject
Project("{FAE04EC0-301F-11D3-BF4B-00C04F79EFBC}") = "RRComSSys.WorkflowEngine", "RRComSSys.WorkflowEngine\RRComSSys.WorkflowEngine.csproj", "{973FD5E2-1ECA-4697-98D3-900079A73536}"
EndProject
Project("{FAE04EC0-301F-11D3-BF4B-00C04F79EFBC}") = "RRComSSys.SynthesisEngine", "RRComSSys.SynthesisEngine\RRComSSys.SynthesisEngine.csproj", "{65EB9D82-B02F-45D3-BAB8-94D27CD906D3}"
EndProject
Project("{FAE04EC0-301F-11D3-BF4B-00C04F79EFBC}") = "RRComSSys.View", "RRComSSys.View\RRComSSys.View.csproj", "{B1A34003-5CE5-4967-BDE3-25487B2DB2A7}"
EndProject
Project("{FAE04EC0-301F-11D3-BF4B-00C04F79EFBC}") = "RRComSSys.SynthesisEngine.Tests", "RRComSSys.SynthesisEngine.Tests\RRComSSys.SynthesisEngine.Tests.csproj", "{8F386CB8-B805-4BE8-B7E1-E4664E112806}"
EndProject
Project("{FAE04EC0-301F-11D3-BF4B-00C04F79EFBC}") = "RRComSSys.TransformationEngine.Tests", "RRComSSys.TransformationEngine.Tests\RRComSSys.TransformationEngine.Tests.csproj", "{85417B45-ECA8-4721-BBD4-FC1447E52B29}"
EndProject
Project("{FAE04EC0-301F-11D3-BF4B-00C04F79EFBC}") = "RRComSSys.WorkflowEngine.Tests", "RRComSSys.WorkflowEngine.Tests\RRComSSys.WorkflowEngine.Tests.csproj", "{B888E98F-15AE-4EA3-9EB3-8F0606751D49}"
EndProject
Project("{FAE04EC0-301F-11D3-BF4B-00C04F79EFBC}") = "RRComSSys.Controller", "RRComSSys.Controller\RRComSSys.Controller.csproj", "{56304453-9284-4C1C-9131-12818B1A425B}"
EndProject
Project("{FAE04EC0-301F-11D3-BF4B-00C04F79EFBC}") = "RRComSSys.Controller.Tests", "RRComSSys.Controller.Tests\RRComSSys.Controller.Tests.csproj", "{B082CA7D-CAF4-4825-8658-C1B50B249D55}"
EndProject
Project("{2150E333-8FDC-42A3-9474-1A3956D46DE8}") = "SEHE", "SEHE", "{CF72EB50-AB4D-4FDD-B8BE-DFCC530816CB}"
EndProject
Project("{FAE04EC0-301F-11D3-BF4B-00C04F79EFBC}") = "SEHEwc1", "SEHEwc1\SEHEwc1.csproj", "{DECF9743-2298-48F1-A5A5-893C90480D0E}"
EndProject
Global
	GlobalSection(SolutionConfigurationPlatforms) = preSolution
		Debug|Any CPU = Debug|Any CPU
		Release|Any CPU = Release|Any CPU
	EndGlobalSection
	GlobalSection(ProjectConfigurationPlatforms) = postSolution
		{7E60066B-C794-4213-BCEA-B89ED858B295}.Debug|Any CPU.ActiveCfg = Debug|Any CPU
		{7E60066B-C794-4213-BCEA-B89ED858B295}.Debug|Any CPU.Build.0 = Debug|Any CPU
		{7E60066B-C794-4213-BCEA-B89ED858B295}.Release|Any CPU.ActiveCfg = Release|Any CPU
		{7E60066B-C794-4213-BCEA-B89ED858B295}.Release|Any CPU.Build.0 = Release|Any CPU
		{973FD5E2-1ECA-4697-98D3-900079A73536}.Debug|Any CPU.ActiveCfg = Debug|Any CPU
		{973FD5E2-1ECA-4697-98D3-900079A73536}.Debug|Any CPU.Build.0 = Debug|Any CPU
		{973FD5E2-1ECA-4697-98D3-900079A73536}.Release|Any CPU.ActiveCfg = Release|Any CPU
		{973FD5E2-1ECA-4697-98D3-900079A73536}.Release|Any CPU.Build.0 = Release|Any CPU
		{65EB9D82-B02F-45D3-BAB8-94D27CD906D3}.Debug|Any CPU.ActiveCfg = Debug|Any CPU
		{65EB9D82-B02F-45D3-BAB8-94D27CD906D3}.Debug|Any CPU.Build.0 = Debug|Any CPU
		{65EB9D82-B02F-45D3-BAB8-94D27CD906D3}.Release|Any CPU.ActiveCfg = Release|Any CPU
		{65EB9D82-B02F-45D3-BAB8-94D27CD906D3}.Release|Any CPU.Build.0 = Release|Any CPU
		{B1A34003-5CE5-4967-BDE3-25487B2DB2A7}.Debug|Any CPU.ActiveCfg = Debug|Any CPU
		{B1A34003-5CE5-4967-BDE3-25487B2DB2A7}.Debug|Any CPU.Build.0 = Debug|Any CPU
		{B1A34003-5CE5-4967-BDE3-25487B2DB2A7}.Release|Any CPU.ActiveCfg = Release|Any CPU
		{B1A34003-5CE5-4967-BDE3-25487B2DB2A7}.Release|Any CPU.Build.0 = Release|Any CPU
		{8F386CB8-B805-4BE8-B7E1-E4664E112806}.Debug|Any CPU.ActiveCfg = Debug|Any CPU
		{8F386CB8-B805-4BE8-B7E1-E4664E112806}.Debug|Any CPU.Build.0 = Debug|Any CPU
		{8F386CB8-B805-4BE8-B7E1-E4664E112806}.Release|Any CPU.ActiveCfg = Release|Any CPU
		{8F386CB8-B805-4BE8-B7E1-E4664E112806}.Release|Any CPU.Build.0 = Release|Any CPU
		{85417B45-ECA8-4721-BBD4-FC1447E52B29}.Debug|Any CPU.ActiveCfg = Debug|Any CPU
		{85417B45-ECA8-4721-BBD4-FC1447E52B29}.Debug|Any CPU.Build.0 = Debug|Any CPU
		{85417B45-ECA8-4721-BBD4-FC1447E52B29}.Release|Any CPU.ActiveCfg = Release|Any CPU
		{85417B45-ECA8-4721-BBD4-FC1447E52B29}.Release|Any CPU.Build.0 = Release|Any CPU
		{B888E98F-15AE-4EA3-9EB3-8F0606751D49}.Debug|Any CPU.ActiveCfg = Debug|Any CPU
		{B888E98F-15AE-4EA3-9EB3-8F0606751D49}.Debug|Any CPU.Build.0 = Debug|Any CPU
		{B888E98F-15AE-4EA3-9EB3-8F0606751D49}.Release|Any CPU.ActiveCfg = Release|Any CPU
		{B888E98F-15AE-4EA3-9EB3-8F0606751D49}.Release|Any CPU.Build.0 = Release|Any CPU
		{56304453-9284-4C1C-9131-12818B1A425B}.Debug|Any CPU.ActiveCfg = Debug|Any CPU
		{56304453-9284-4C1C-9131-12818B1A425B}.Debug|Any CPU.Build.0 = Debug|Any CPU
		{56304453-9284-4C1C-9131-12818B1A425B}.Release|Any CPU.ActiveCfg = Release|Any CPU
		{56304453-9284-4C1C-9131-12818B1A425B}.Release|Any CPU.Build.0 = Release|Any CPU
		{B082CA7D-CAF4-4825-8658-C1B50B249D55}.Debug|Any CPU.ActiveCfg = Debug|Any CPU
		{B082CA7D-CAF4-4825-8658-C1B50B249D55}.Debug|Any CPU.Build.0 = Debug|Any CPU
		{B082CA7D-CAF4-4825-8658-C1B50B249D55}.Release|Any CPU.ActiveCfg = Release|Any CPU
		{B082CA7D-CAF4-4825-8658-C1B50B249D55}.Release|Any CPU.Build.0 = Release|Any CPU
		{DECF9743-2298-48F1-A5A5-893C90480D0E}.Debug|Any CPU.ActiveCfg = Debug|Any CPU
		{DECF9743-2298-48F1-A5A5-893C90480D0E}.Debug|Any CPU.Build.0 = Debug|Any CPU
		{DECF9743-2298-48F1-A5A5-893C90480D0E}.Release|Any CPU.ActiveCfg = Release|Any CPU
		{DECF9743-2298-48F1-A5A5-893C90480D0E}.Release|Any CPU.Build.0 = Release|Any CPU
	EndGlobalSection
	GlobalSection(SolutionProperties) = preSolution
		HideSolutionNode = FALSE
	EndGlobalSection
	GlobalSection(NestedProjects) = preSolution
		{7E60066B-C794-4213-BCEA-B89ED858B295} = {86F94F9A-E1B1-4DDF-9C26-A9C2E8BDFC59}
		{973FD5E2-1ECA-4697-98D3-900079A73536} = {86F94F9A-E1B1-4DDF-9C26-A9C2E8BDFC59}
		{65EB9D82-B02F-45D3-BAB8-94D27CD906D3} = {86F94F9A-E1B1-4DDF-9C26-A9C2E8BDFC59}
		{B1A34003-5CE5-4967-BDE3-25487B2DB2A7} = {86F94F9A-E1B1-4DDF-9C26-A9C2E8BDFC59}
		{56304453-9284-4C1C-9131-12818B1A425B} = {86F94F9A-E1B1-4DDF-9C26-A9C2E8BDFC59}
		{8F386CB8-B805-4BE8-B7E1-E4664E112806} = {07F448A8-D8EC-4263-85E9-2DB1B89AAB1C}
		{85417B45-ECA8-4721-BBD4-FC1447E52B29} = {07F448A8-D8EC-4263-85E9-2DB1B89AAB1C}
		{B888E98F-15AE-4EA3-9EB3-8F0606751D49} = {07F448A8-D8EC-4263-85E9-2DB1B89AAB1C}
		{B082CA7D-CAF4-4825-8658-C1B50B249D55} = {07F448A8-D8EC-4263-85E9-2DB1B89AAB1C}
		{DECF9743-2298-48F1-A5A5-893C90480D0E} = {CF72EB50-AB4D-4FDD-B8BE-DFCC530816CB}
	EndGlobalSection
EndGlobal
